
Microsoft Visual Studio Solution File, Format Version 12.00
# Visual Studio 15
VisualStudioVersion = 15.0.27428.2015
MinimumVisualStudioVersion = 10.0.40219.1
Project("{FAE04EC0-301F-11D3-BF4B-00C04F79EFBC}") = "YoutubeBackLinker", "YoutubeBackLinker\YoutubeBackLinker.csproj", "{6F513851-53FE-4179-8091-789AE291050E}"
EndProject
Global
	GlobalSection(SolutionConfigurationPlatforms) = preSolution
		Debug|Any CPU = Debug|Any CPU
		Release|Any CPU = Release|Any CPU
	EndGlobalSection
	GlobalSection(ProjectConfigurationPlatforms) = postSolution
		{6F513851-53FE-4179-8091-789AE291050E}.Debug|Any CPU.ActiveCfg = Debug|Any CPU
		{6F513851-53FE-4179-8091-789AE291050E}.Debug|Any CPU.Build.0 = Debug|Any CPU
		{6F513851-53FE-4179-8091-789AE291050E}.Release|Any CPU.ActiveCfg = Release|Any CPU
		{6F513851-53FE-4179-8091-789AE291050E}.Release|Any CPU.Build.0 = Release|Any CPU
	EndGlobalSection
	GlobalSection(SolutionProperties) = preSolution
		HideSolutionNode = FALSE
	EndGlobalSection
	GlobalSection(ExtensibilityGlobals) = postSolution
		SolutionGuid = {B37C4CD8-7BF8-4A3F-B241-359D11AACFF5}
	EndGlobalSection
EndGlobal
